
Microsoft Visual Studio Solution File, Format Version 12.00
# Visual Studio Version 17
VisualStudioVersion = 17.8.34316.72
MinimumVisualStudioVersion = 10.0.40219.1
Project("{FAE04EC0-301F-11D3-BF4B-00C04F79EFBC}") = "MusicHubWeb", "MusicHubWeb\MusicHubWeb.csproj", "{3BB24C8B-F399-4DC2-B10B-88D34406DF39}"
EndProject
Global
	GlobalSection(SolutionConfigurationPlatforms) = preSolution
		Debug|Any CPU = Debug|Any CPU
		Release|Any CPU = Release|Any CPU
	EndGlobalSection
	GlobalSection(ProjectConfigurationPlatforms) = postSolution
		{3BB24C8B-F399-4DC2-B10B-88D34406DF39}.Debug|Any CPU.ActiveCfg = Debug|Any CPU
		{3BB24C8B-F399-4DC2-B10B-88D34406DF39}.Debug|Any CPU.Build.0 = Debug|Any CPU
		{3BB24C8B-F399-4DC2-B10B-88D34406DF39}.Release|Any CPU.ActiveCfg = Release|Any CPU
		{3BB24C8B-F399-4DC2-B10B-88D34406DF39}.Release|Any CPU.Build.0 = Release|Any CPU
	EndGlobalSection
	GlobalSection(SolutionProperties) = preSolution
		HideSolutionNode = FALSE
	EndGlobalSection
	GlobalSection(ExtensibilityGlobals) = postSolution
		SolutionGuid = {CAC9E6F4-0D4C-4F29-9AEC-F36073827E6B}
	EndGlobalSection
EndGlobal
